// !$*UTF8*$!
{
	archiveVersion = 1;
	classes = {
	};
	objectVersion = 50;
	objects = {

/* Begin PBXBuildFile section */
		6DD430D00D89810F86C506FA /* libPods-Rabobank-Tests-RabobankTests.a in Frameworks */ = {isa = PBXBuildFile; fileRef = 67312B970D0F4AD8EBBE7D6E /* libPods-Rabobank-Tests-RabobankTests.a */; };
		BC386947222814A4006A1808 /* PersonsFactory.swift in Sources */ = {isa = PBXBuildFile; fileRef = BC386946222814A4006A1808 /* PersonsFactory.swift */; };
		BC38694C2228177B006A1808 /* DefaultPersonsFactory.swift in Sources */ = {isa = PBXBuildFile; fileRef = BC38694B2228177A006A1808 /* DefaultPersonsFactory.swift */; };
		BC38694E222818B7006A1808 /* PersonsFactoryTests.swift in Sources */ = {isa = PBXBuildFile; fileRef = BC38694D222818B7006A1808 /* PersonsFactoryTests.swift */; };
		BC386950222827BC006A1808 /* AppDelegate.swift in Sources */ = {isa = PBXBuildFile; fileRef = BC38694F222827BC006A1808 /* AppDelegate.swift */; };
		BC573A632220446E00093E94 /* ListAssembly.swift in Sources */ = {isa = PBXBuildFile; fileRef = BC573A622220446E00093E94 /* ListAssembly.swift */; };
		BC573A6C2220468300093E94 /* List.storyboard in Resources */ = {isa = PBXBuildFile; fileRef = BC573A6B2220468300093E94 /* List.storyboard */; };
		BC573A7522204AF300093E94 /* ListTableViewCell.swift in Sources */ = {isa = PBXBuildFile; fileRef = BC573A7422204AF300093E94 /* ListTableViewCell.swift */; };
		BC573A7722204B5400093E94 /* ListTableViewController.swift in Sources */ = {isa = PBXBuildFile; fileRef = BC573A7622204B5400093E94 /* ListTableViewController.swift */; };
		BC573A7922204BA900093E94 /* ListView.swift in Sources */ = {isa = PBXBuildFile; fileRef = BC573A7822204BA900093E94 /* ListView.swift */; };
		BC573A7B22204BDF00093E94 /* ListDisplayItem.swift in Sources */ = {isa = PBXBuildFile; fileRef = BC573A7A22204BDF00093E94 /* ListDisplayItem.swift */; };
		BC573A7F222053A500093E94 /* ListEventsHandler.swift in Sources */ = {isa = PBXBuildFile; fileRef = BC573A7E222053A500093E94 /* ListEventsHandler.swift */; };
		BC573A812220543300093E94 /* ListPresenter.swift in Sources */ = {isa = PBXBuildFile; fileRef = BC573A802220543300093E94 /* ListPresenter.swift */; };
		BC573A842221DB6200093E94 /* Person.swift in Sources */ = {isa = PBXBuildFile; fileRef = BC573A832221DB6200093E94 /* Person.swift */; };
		BC573A8A2222846400093E94 /* ListDataSource.swift in Sources */ = {isa = PBXBuildFile; fileRef = BC573A892222846400093E94 /* ListDataSource.swift */; };
		BC573A8C222284AC00093E94 /* DefaultListDataSource.swift in Sources */ = {isa = PBXBuildFile; fileRef = BC573A8B222284AC00093E94 /* DefaultListDataSource.swift */; };
		BC573A902222850A00093E94 /* TextSource.swift in Sources */ = {isa = PBXBuildFile; fileRef = BC573A8F2222850A00093E94 /* TextSource.swift */; };
		BC573A92222285E400093E94 /* BundleTextSource.swift in Sources */ = {isa = PBXBuildFile; fileRef = BC573A91222285E400093E94 /* BundleTextSource.swift */; };
		BC573A94222286B800093E94 /* TextParser.swift in Sources */ = {isa = PBXBuildFile; fileRef = BC573A93222286B800093E94 /* TextParser.swift */; };
		BC573A9722228B5600093E94 /* ErrorHandler.swift in Sources */ = {isa = PBXBuildFile; fileRef = BC573A9622228B5600093E94 /* ErrorHandler.swift */; };
		BC573A9922228D7400093E94 /* CSVTextParser.swift in Sources */ = {isa = PBXBuildFile; fileRef = BC573A9822228D7400093E94 /* CSVTextParser.swift */; };
		BC573B032223658400093E94 /* ListDataSourceOutputTests.swift in Sources */ = {isa = PBXBuildFile; fileRef = BC573AA12222A15B00093E94 /* ListDataSourceOutputTests.swift */; };
		BC573B042223676800093E94 /* ListEventsHandlerTests.swift in Sources */ = {isa = PBXBuildFile; fileRef = BC573A9B2222913000093E94 /* ListEventsHandlerTests.swift */; };
		BC573B052223676F00093E94 /* ListDataSourceMock.swift in Sources */ = {isa = PBXBuildFile; fileRef = BC573A9D222292EA00093E94 /* ListDataSourceMock.swift */; };
		BC573B062223677400093E94 /* ListViewMock.swift in Sources */ = {isa = PBXBuildFile; fileRef = BC573A9F2222930A00093E94 /* ListViewMock.swift */; };
		BC573B082223ECA900093E94 /* ListDataSourceTests.swift in Sources */ = {isa = PBXBuildFile; fileRef = BC573B072223ECA900093E94 /* ListDataSourceTests.swift */; };
		BC573B0A2223ED1D00093E94 /* TextSourceMock.swift in Sources */ = {isa = PBXBuildFile; fileRef = BC573B092223ED1D00093E94 /* TextSourceMock.swift */; };
		BC573B0C2223ED4B00093E94 /* TextParserMock.swift in Sources */ = {isa = PBXBuildFile; fileRef = BC573B0B2223ED4B00093E94 /* TextParserMock.swift */; };
		BC573B0E2223ED7400093E94 /* ListDataSourceOutputMock.swift in Sources */ = {isa = PBXBuildFile; fileRef = BC573B0D2223ED7400093E94 /* ListDataSourceOutputMock.swift */; };
		BC573B102223ED9600093E94 /* ErrorHandlerMock.swift in Sources */ = {isa = PBXBuildFile; fileRef = BC573B0F2223ED9600093E94 /* ErrorHandlerMock.swift */; };
		BC573B132223F6AB00093E94 /* EmptyError.swift in Sources */ = {isa = PBXBuildFile; fileRef = BC573B112223F63E00093E94 /* EmptyError.swift */; };
		BC573B152223FF2B00093E94 /* CSVTextParserTests.swift in Sources */ = {isa = PBXBuildFile; fileRef = BC573B142223FF2B00093E94 /* CSVTextParserTests.swift */; };
		BC573B192224090800093E94 /* ListError.swift in Sources */ = {isa = PBXBuildFile; fileRef = BC573B182224090800093E94 /* ListError.swift */; };
		BC573B1B2224263D00093E94 /* issues.csv in Resources */ = {isa = PBXBuildFile; fileRef = BC573B1A2224263D00093E94 /* issues.csv */; };
		BC573B1E2224449000093E94 /* Lock.swift in Sources */ = {isa = PBXBuildFile; fileRef = BC573B1D2224449000093E94 /* Lock.swift */; };
		BC98EFF222202DD400607734 /* Assets.xcassets in Resources */ = {isa = PBXBuildFile; fileRef = BC98EFF122202DD400607734 /* Assets.xcassets */; };
		BC98EFF522202DD400607734 /* LaunchScreen.storyboard in Resources */ = {isa = PBXBuildFile; fileRef = BC98EFF322202DD400607734 /* LaunchScreen.storyboard */; };
		CBBB3498ABCCAF8FC3DE0807 /* libPods-Rabobank.a in Frameworks */ = {isa = PBXBuildFile; fileRef = 490EA4A4640BD0E7D23808B7 /* libPods-Rabobank.a */; };
/* End PBXBuildFile section */

/* Begin PBXContainerItemProxy section */
		BC573AFE222364E800093E94 /* PBXContainerItemProxy */ = {
			isa = PBXContainerItemProxy;
			containerPortal = BC98EFDF22202DD300607734 /* Project object */;
			proxyType = 1;
			remoteGlobalIDString = BC98EFE622202DD300607734;
			remoteInfo = Rabobank;
		};
/* End PBXContainerItemProxy section */

/* Begin PBXFileReference section */
		08399314E9D00A0207B63971 /* Pods-Rabobank-Tests-RabobankTests.debug.xcconfig */ = {isa = PBXFileReference; includeInIndex = 1; lastKnownFileType = text.xcconfig; name = "Pods-Rabobank-Tests-RabobankTests.debug.xcconfig"; path = "Target Support Files/Pods-Rabobank-Tests-RabobankTests/Pods-Rabobank-Tests-RabobankTests.debug.xcconfig"; sourceTree = "<group>"; };
		18DAAD16E6B3AB769F5A6792 /* Pods-Rabobank.release.xcconfig */ = {isa = PBXFileReference; includeInIndex = 1; lastKnownFileType = text.xcconfig; name = "Pods-Rabobank.release.xcconfig"; path = "Target Support Files/Pods-Rabobank/Pods-Rabobank.release.xcconfig"; sourceTree = "<group>"; };
		1B28DD0DB62B0550E2B4B9CF /* Pods-RabobankTests.release.xcconfig */ = {isa = PBXFileReference; includeInIndex = 1; lastKnownFileType = text.xcconfig; name = "Pods-RabobankTests.release.xcconfig"; path = "Target Support Files/Pods-RabobankTests/Pods-RabobankTests.release.xcconfig"; sourceTree = "<group>"; };
		26BD691E8737FBAC9E966939 /* Pods-Rabobank.debug.xcconfig */ = {isa = PBXFileReference; includeInIndex = 1; lastKnownFileType = text.xcconfig; name = "Pods-Rabobank.debug.xcconfig"; path = "Target Support Files/Pods-Rabobank/Pods-Rabobank.debug.xcconfig"; sourceTree = "<group>"; };
		490EA4A4640BD0E7D23808B7 /* libPods-Rabobank.a */ = {isa = PBXFileReference; explicitFileType = archive.ar; includeInIndex = 0; path = "libPods-Rabobank.a"; sourceTree = BUILT_PRODUCTS_DIR; };
		4F9B2837505B982ED95BCE15 /* Pods-RabobankTests.debug.xcconfig */ = {isa = PBXFileReference; includeInIndex = 1; lastKnownFileType = text.xcconfig; name = "Pods-RabobankTests.debug.xcconfig"; path = "Target Support Files/Pods-RabobankTests/Pods-RabobankTests.debug.xcconfig"; sourceTree = "<group>"; };
		59AE56651FAAB9C14F53BA5E /* Pods-Rabobank-Tests-RabobankTests.release.xcconfig */ = {isa = PBXFileReference; includeInIndex = 1; lastKnownFileType = text.xcconfig; name = "Pods-Rabobank-Tests-RabobankTests.release.xcconfig"; path = "Target Support Files/Pods-Rabobank-Tests-RabobankTests/Pods-Rabobank-Tests-RabobankTests.release.xcconfig"; sourceTree = "<group>"; };
		64481BDAC24364557CCB792A /* Pods_RabobankTests.framework */ = {isa = PBXFileReference; explicitFileType = wrapper.framework; includeInIndex = 0; path = Pods_RabobankTests.framework; sourceTree = BUILT_PRODUCTS_DIR; };
		67312B970D0F4AD8EBBE7D6E /* libPods-Rabobank-Tests-RabobankTests.a */ = {isa = PBXFileReference; explicitFileType = archive.ar; includeInIndex = 0; path = "libPods-Rabobank-Tests-RabobankTests.a"; sourceTree = BUILT_PRODUCTS_DIR; };
		BC386946222814A4006A1808 /* PersonsFactory.swift */ = {isa = PBXFileReference; lastKnownFileType = sourcecode.swift; path = PersonsFactory.swift; sourceTree = "<group>"; };
		BC38694B2228177A006A1808 /* DefaultPersonsFactory.swift */ = {isa = PBXFileReference; fileEncoding = 4; lastKnownFileType = sourcecode.swift; path = DefaultPersonsFactory.swift; sourceTree = "<group>"; };
		BC38694D222818B7006A1808 /* PersonsFactoryTests.swift */ = {isa = PBXFileReference; lastKnownFileType = sourcecode.swift; path = PersonsFactoryTests.swift; sourceTree = "<group>"; };
		BC38694F222827BC006A1808 /* AppDelegate.swift */ = {isa = PBXFileReference; lastKnownFileType = sourcecode.swift; path = AppDelegate.swift; sourceTree = "<group>"; };
		BC573A622220446E00093E94 /* ListAssembly.swift */ = {isa = PBXFileReference; lastKnownFileType = sourcecode.swift; path = ListAssembly.swift; sourceTree = "<group>"; };
		BC573A6B2220468300093E94 /* List.storyboard */ = {isa = PBXFileReference; lastKnownFileType = file.storyboard; path = List.storyboard; sourceTree = "<group>"; };
		BC573A7422204AF300093E94 /* ListTableViewCell.swift */ = {isa = PBXFileReference; lastKnownFileType = sourcecode.swift; path = ListTableViewCell.swift; sourceTree = "<group>"; };
		BC573A7622204B5400093E94 /* ListTableViewController.swift */ = {isa = PBXFileReference; lastKnownFileType = sourcecode.swift; path = ListTableViewController.swift; sourceTree = "<group>"; };
		BC573A7822204BA900093E94 /* ListView.swift */ = {isa = PBXFileReference; lastKnownFileType = sourcecode.swift; path = ListView.swift; sourceTree = "<group>"; };
		BC573A7A22204BDF00093E94 /* ListDisplayItem.swift */ = {isa = PBXFileReference; lastKnownFileType = sourcecode.swift; path = ListDisplayItem.swift; sourceTree = "<group>"; };
		BC573A7E222053A500093E94 /* ListEventsHandler.swift */ = {isa = PBXFileReference; lastKnownFileType = sourcecode.swift; path = ListEventsHandler.swift; sourceTree = "<group>"; };
		BC573A802220543300093E94 /* ListPresenter.swift */ = {isa = PBXFileReference; lastKnownFileType = sourcecode.swift; path = ListPresenter.swift; sourceTree = "<group>"; };
		BC573A832221DB6200093E94 /* Person.swift */ = {isa = PBXFileReference; lastKnownFileType = sourcecode.swift; path = Person.swift; sourceTree = "<group>"; };
		BC573A892222846400093E94 /* ListDataSource.swift */ = {isa = PBXFileReference; lastKnownFileType = sourcecode.swift; path = ListDataSource.swift; sourceTree = "<group>"; };
		BC573A8B222284AC00093E94 /* DefaultListDataSource.swift */ = {isa = PBXFileReference; lastKnownFileType = sourcecode.swift; path = DefaultListDataSource.swift; sourceTree = "<group>"; };
		BC573A8F2222850A00093E94 /* TextSource.swift */ = {isa = PBXFileReference; lastKnownFileType = sourcecode.swift; path = TextSource.swift; sourceTree = "<group>"; };
		BC573A91222285E400093E94 /* BundleTextSource.swift */ = {isa = PBXFileReference; lastKnownFileType = sourcecode.swift; path = BundleTextSource.swift; sourceTree = "<group>"; };
		BC573A93222286B800093E94 /* TextParser.swift */ = {isa = PBXFileReference; lastKnownFileType = sourcecode.swift; path = TextParser.swift; sourceTree = "<group>"; };
		BC573A9622228B5600093E94 /* ErrorHandler.swift */ = {isa = PBXFileReference; lastKnownFileType = sourcecode.swift; path = ErrorHandler.swift; sourceTree = "<group>"; };
		BC573A9822228D7400093E94 /* CSVTextParser.swift */ = {isa = PBXFileReference; lastKnownFileType = sourcecode.swift; path = CSVTextParser.swift; sourceTree = "<group>"; };
		BC573A9B2222913000093E94 /* ListEventsHandlerTests.swift */ = {isa = PBXFileReference; lastKnownFileType = sourcecode.swift; path = ListEventsHandlerTests.swift; sourceTree = "<group>"; };
		BC573A9D222292EA00093E94 /* ListDataSourceMock.swift */ = {isa = PBXFileReference; lastKnownFileType = sourcecode.swift; path = ListDataSourceMock.swift; sourceTree = "<group>"; };
		BC573A9F2222930A00093E94 /* ListViewMock.swift */ = {isa = PBXFileReference; lastKnownFileType = sourcecode.swift; path = ListViewMock.swift; sourceTree = "<group>"; };
		BC573AA12222A15B00093E94 /* ListDataSourceOutputTests.swift */ = {isa = PBXFileReference; lastKnownFileType = sourcecode.swift; path = ListDataSourceOutputTests.swift; sourceTree = "<group>"; };
		BC573AF9222364E800093E94 /* RabobankTests.xctest */ = {isa = PBXFileReference; explicitFileType = wrapper.cfbundle; includeInIndex = 0; path = RabobankTests.xctest; sourceTree = BUILT_PRODUCTS_DIR; };
		BC573AFD222364E800093E94 /* Info.plist */ = {isa = PBXFileReference; lastKnownFileType = text.plist.xml; path = Info.plist; sourceTree = "<group>"; };
		BC573B072223ECA900093E94 /* ListDataSourceTests.swift */ = {isa = PBXFileReference; lastKnownFileType = sourcecode.swift; path = ListDataSourceTests.swift; sourceTree = "<group>"; };
		BC573B092223ED1D00093E94 /* TextSourceMock.swift */ = {isa = PBXFileReference; lastKnownFileType = sourcecode.swift; path = TextSourceMock.swift; sourceTree = "<group>"; };
		BC573B0B2223ED4B00093E94 /* TextParserMock.swift */ = {isa = PBXFileReference; lastKnownFileType = sourcecode.swift; path = TextParserMock.swift; sourceTree = "<group>"; };
		BC573B0D2223ED7400093E94 /* ListDataSourceOutputMock.swift */ = {isa = PBXFileReference; lastKnownFileType = sourcecode.swift; path = ListDataSourceOutputMock.swift; sourceTree = "<group>"; };
		BC573B0F2223ED9600093E94 /* ErrorHandlerMock.swift */ = {isa = PBXFileReference; lastKnownFileType = sourcecode.swift; path = ErrorHandlerMock.swift; sourceTree = "<group>"; };
		BC573B112223F63E00093E94 /* EmptyError.swift */ = {isa = PBXFileReference; lastKnownFileType = sourcecode.swift; path = EmptyError.swift; sourceTree = "<group>"; };
		BC573B142223FF2B00093E94 /* CSVTextParserTests.swift */ = {isa = PBXFileReference; lastKnownFileType = sourcecode.swift; path = CSVTextParserTests.swift; sourceTree = "<group>"; };
		BC573B182224090800093E94 /* ListError.swift */ = {isa = PBXFileReference; lastKnownFileType = sourcecode.swift; path = ListError.swift; sourceTree = "<group>"; };
		BC573B1A2224263D00093E94 /* issues.csv */ = {isa = PBXFileReference; fileEncoding = 4; lastKnownFileType = text; path = issues.csv; sourceTree = "<group>"; };
		BC573B1D2224449000093E94 /* Lock.swift */ = {isa = PBXFileReference; lastKnownFileType = sourcecode.swift; path = Lock.swift; sourceTree = "<group>"; };
		BC98EFE722202DD300607734 /* Rabobank.app */ = {isa = PBXFileReference; explicitFileType = wrapper.application; includeInIndex = 0; path = Rabobank.app; sourceTree = BUILT_PRODUCTS_DIR; };
		BC98EFF122202DD400607734 /* Assets.xcassets */ = {isa = PBXFileReference; lastKnownFileType = folder.assetcatalog; path = Assets.xcassets; sourceTree = "<group>"; };
		BC98EFF422202DD400607734 /* Base */ = {isa = PBXFileReference; lastKnownFileType = file.storyboard; name = Base; path = Base.lproj/LaunchScreen.storyboard; sourceTree = "<group>"; };
		BC98EFF622202DD400607734 /* Info.plist */ = {isa = PBXFileReference; lastKnownFileType = text.plist.xml; path = Info.plist; sourceTree = "<group>"; };
/* End PBXFileReference section */

/* Begin PBXFrameworksBuildPhase section */
		BC573AF6222364E800093E94 /* Frameworks */ = {
			isa = PBXFrameworksBuildPhase;
			buildActionMask = 2147483647;
			files = (
				6DD430D00D89810F86C506FA /* libPods-Rabobank-Tests-RabobankTests.a in Frameworks */,
			);
			runOnlyForDeploymentPostprocessing = 0;
		};
		BC98EFE422202DD300607734 /* Frameworks */ = {
			isa = PBXFrameworksBuildPhase;
			buildActionMask = 2147483647;
			files = (
				CBBB3498ABCCAF8FC3DE0807 /* libPods-Rabobank.a in Frameworks */,
			);
			runOnlyForDeploymentPostprocessing = 0;
		};
/* End PBXFrameworksBuildPhase section */

/* Begin PBXGroup section */
		8188083DF6854F2CED54182D /* Pods */ = {
			isa = PBXGroup;
			children = (
				08399314E9D00A0207B63971 /* Pods-Rabobank-Tests-RabobankTests.debug.xcconfig */,
				59AE56651FAAB9C14F53BA5E /* Pods-Rabobank-Tests-RabobankTests.release.xcconfig */,
				4F9B2837505B982ED95BCE15 /* Pods-RabobankTests.debug.xcconfig */,
				1B28DD0DB62B0550E2B4B9CF /* Pods-RabobankTests.release.xcconfig */,
				26BD691E8737FBAC9E966939 /* Pods-Rabobank.debug.xcconfig */,
				18DAAD16E6B3AB769F5A6792 /* Pods-Rabobank.release.xcconfig */,
			);
			path = Pods;
			sourceTree = "<group>";
		};
		BC38694822281629006A1808 /* Factory */ = {
			isa = PBXGroup;
			children = (
				BC386946222814A4006A1808 /* PersonsFactory.swift */,
				BC38694B2228177A006A1808 /* DefaultPersonsFactory.swift */,
			);
			path = Factory;
			sourceTree = "<group>";
		};
		BC386951222933E9006A1808 /* Async */ = {
			isa = PBXGroup;
			children = (
				BC573B1D2224449000093E94 /* Lock.swift */,
			);
			path = Async;
			sourceTree = "<group>";
		};
		BC573A65222045E700093E94 /* Model */ = {
			isa = PBXGroup;
			children = (
				BC573A9522228B3500093E94 /* ErrorHandling */,
				BC573A822221DB4A00093E94 /* Enities */,
				BC573A882222842800093E94 /* Services */,
				BC573A87222283E500093E94 /* DataSource */,
			);
			path = Model;
			sourceTree = "<group>";
		};
		BC573A66222045F400093E94 /* Tests */ = {
			isa = PBXGroup;
			children = (
				BC573A9A222290C100093E94 /* Mocks */,
				BC573A9B2222913000093E94 /* ListEventsHandlerTests.swift */,
				BC573AA12222A15B00093E94 /* ListDataSourceOutputTests.swift */,
				BC573B072223ECA900093E94 /* ListDataSourceTests.swift */,
				BC573B142223FF2B00093E94 /* CSVTextParserTests.swift */,
				BC38694D222818B7006A1808 /* PersonsFactoryTests.swift */,
			);
			path = Tests;
			sourceTree = "<group>";
		};
		BC573A682220465700093E94 /* View */ = {
			isa = PBXGroup;
			children = (
				BC573A7322204AAC00093E94 /* Cells */,
				BC573A7622204B5400093E94 /* ListTableViewController.swift */,
				BC573A7822204BA900093E94 /* ListView.swift */,
				BC573A6B2220468300093E94 /* List.storyboard */,
			);
			path = View;
			sourceTree = "<group>";
		};
		BC573A692220466100093E94 /* Presenter */ = {
			isa = PBXGroup;
			children = (
				BC573A7A22204BDF00093E94 /* ListDisplayItem.swift */,
				BC573A7E222053A500093E94 /* ListEventsHandler.swift */,
				BC573A802220543300093E94 /* ListPresenter.swift */,
			);
			path = Presenter;
			sourceTree = "<group>";
		};
		BC573A7322204AAC00093E94 /* Cells */ = {
			isa = PBXGroup;
			children = (
				BC573A7422204AF300093E94 /* ListTableViewCell.swift */,
			);
			path = Cells;
			sourceTree = "<group>";
		};
		BC573A822221DB4A00093E94 /* Enities */ = {
			isa = PBXGroup;
			children = (
				BC573A832221DB6200093E94 /* Person.swift */,
			);
			path = Enities;
			sourceTree = "<group>";
		};
		BC573A87222283E500093E94 /* DataSource */ = {
			isa = PBXGroup;
			children = (
				BC573A892222846400093E94 /* ListDataSource.swift */,
				BC573A8B222284AC00093E94 /* DefaultListDataSource.swift */,
				BC573B182224090800093E94 /* ListError.swift */,
			);
			path = DataSource;
			sourceTree = "<group>";
		};
		BC573A882222842800093E94 /* Services */ = {
			isa = PBXGroup;
			children = (
				BC386951222933E9006A1808 /* Async */,
				BC38694822281629006A1808 /* Factory */,
				BC573A8E222284E900093E94 /* Source */,
				BC573A8D222284DC00093E94 /* Parser */,
			);
			path = Services;
			sourceTree = "<group>";
		};
		BC573A8D222284DC00093E94 /* Parser */ = {
			isa = PBXGroup;
			children = (
				BC573A93222286B800093E94 /* TextParser.swift */,
				BC573A9822228D7400093E94 /* CSVTextParser.swift */,
			);
			path = Parser;
			sourceTree = "<group>";
		};
		BC573A8E222284E900093E94 /* Source */ = {
			isa = PBXGroup;
			children = (
				BC573A8F2222850A00093E94 /* TextSource.swift */,
				BC573A91222285E400093E94 /* BundleTextSource.swift */,
			);
			path = Source;
			sourceTree = "<group>";
		};
		BC573A9522228B3500093E94 /* ErrorHandling */ = {
			isa = PBXGroup;
			children = (
				BC573A9622228B5600093E94 /* ErrorHandler.swift */,
			);
			path = ErrorHandling;
			sourceTree = "<group>";
		};
		BC573A9A222290C100093E94 /* Mocks */ = {
			isa = PBXGroup;
			children = (
				BC573A9D222292EA00093E94 /* ListDataSourceMock.swift */,
				BC573A9F2222930A00093E94 /* ListViewMock.swift */,
				BC573B092223ED1D00093E94 /* TextSourceMock.swift */,
				BC573B0B2223ED4B00093E94 /* TextParserMock.swift */,
				BC573B0D2223ED7400093E94 /* ListDataSourceOutputMock.swift */,
				BC573B0F2223ED9600093E94 /* ErrorHandlerMock.swift */,
				BC573B112223F63E00093E94 /* EmptyError.swift */,
			);
			path = Mocks;
			sourceTree = "<group>";
		};
		BC573AFA222364E800093E94 /* RabobankTests */ = {
			isa = PBXGroup;
			children = (
				BC573B1F2224472300093E94 /* List */,
				BC573AFD222364E800093E94 /* Info.plist */,
			);
			path = RabobankTests;
			sourceTree = "<group>";
		};
		BC573B1F2224472300093E94 /* List */ = {
			isa = PBXGroup;
			children = (
				BC573A66222045F400093E94 /* Tests */,
			);
			path = List;
			sourceTree = "<group>";
		};
		BC98EFDE22202DD300607734 = {
			isa = PBXGroup;
			children = (
				BC98EFE922202DD300607734 /* Rabobank */,
				BC573AFA222364E800093E94 /* RabobankTests */,
				BC98EFE822202DD300607734 /* Products */,
				8188083DF6854F2CED54182D /* Pods */,
				CA9AAC6D786A5A6122300097 /* Frameworks */,
			);
			sourceTree = "<group>";
		};
		BC98EFE822202DD300607734 /* Products */ = {
			isa = PBXGroup;
			children = (
				BC98EFE722202DD300607734 /* Rabobank.app */,
				BC573AF9222364E800093E94 /* RabobankTests.xctest */,
			);
			name = Products;
			sourceTree = "<group>";
		};
		BC98EFE922202DD300607734 /* Rabobank */ = {
			isa = PBXGroup;
			children = (
				BC38694F222827BC006A1808 /* AppDelegate.swift */,
				BC573A622220446E00093E94 /* ListAssembly.swift */,
				BC573A65222045E700093E94 /* Model */,
				BC573A682220465700093E94 /* View */,
				BC573A692220466100093E94 /* Presenter */,
				BC98EFF122202DD400607734 /* Assets.xcassets */,
				BC573B1A2224263D00093E94 /* issues.csv */,
				BC98EFF322202DD400607734 /* LaunchScreen.storyboard */,
				BC98EFF622202DD400607734 /* Info.plist */,
			);
			path = Rabobank;
			sourceTree = "<group>";
		};
		CA9AAC6D786A5A6122300097 /* Frameworks */ = {
			isa = PBXGroup;
			children = (
				64481BDAC24364557CCB792A /* Pods_RabobankTests.framework */,
				490EA4A4640BD0E7D23808B7 /* libPods-Rabobank.a */,
				67312B970D0F4AD8EBBE7D6E /* libPods-Rabobank-Tests-RabobankTests.a */,
			);
			name = Frameworks;
			sourceTree = "<group>";
		};
/* End PBXGroup section */

/* Begin PBXNativeTarget section */
		BC573AF8222364E800093E94 /* RabobankTests */ = {
			isa = PBXNativeTarget;
			buildConfigurationList = BC573B00222364E800093E94 /* Build configuration list for PBXNativeTarget "RabobankTests" */;
			buildPhases = (
				9FB503A0E7CCA69C3A81E03E /* [CP] Check Pods Manifest.lock */,
				BC573AF5222364E800093E94 /* Sources */,
				BC573AF6222364E800093E94 /* Frameworks */,
				BC573AF7222364E800093E94 /* Resources */,
			);
			buildRules = (
			);
			dependencies = (
				BC573AFF222364E800093E94 /* PBXTargetDependency */,
			);
			name = RabobankTests;
			productName = RabobankTests;
			productReference = BC573AF9222364E800093E94 /* RabobankTests.xctest */;
			productType = "com.apple.product-type.bundle.unit-test";
		};
		BC98EFE622202DD300607734 /* Rabobank */ = {
			isa = PBXNativeTarget;
			buildConfigurationList = BC98F00422202DD400607734 /* Build configuration list for PBXNativeTarget "Rabobank" */;
			buildPhases = (
				0EE5327F5BDAAE532F9E0EFA /* [CP] Check Pods Manifest.lock */,
				BC98EFE322202DD300607734 /* Sources */,
				BC98EFE422202DD300607734 /* Frameworks */,
				BC98EFE522202DD300607734 /* Resources */,
			);
			buildRules = (
			);
			dependencies = (
			);
			name = Rabobank;
			productName = Rabobank;
			productReference = BC98EFE722202DD300607734 /* Rabobank.app */;
			productType = "com.apple.product-type.application";
		};
/* End PBXNativeTarget section */

/* Begin PBXProject section */
		BC98EFDF22202DD300607734 /* Project object */ = {
			isa = PBXProject;
			attributes = {
				LastSwiftUpdateCheck = 1010;
				LastUpgradeCheck = 1010;
				ORGANIZATIONNAME = "Dennis Skokov";
				TargetAttributes = {
					BC573AF8222364E800093E94 = {
						CreatedOnToolsVersion = 10.1;
						TestTargetID = BC98EFE622202DD300607734;
					};
					BC98EFE622202DD300607734 = {
						CreatedOnToolsVersion = 10.1;
					};
				};
			};
			buildConfigurationList = BC98EFE222202DD300607734 /* Build configuration list for PBXProject "Rabobank" */;
			compatibilityVersion = "Xcode 9.3";
			developmentRegion = en;
			hasScannedForEncodings = 0;
			knownRegions = (
				en,
				Base,
			);
			mainGroup = BC98EFDE22202DD300607734;
			productRefGroup = BC98EFE822202DD300607734 /* Products */;
			projectDirPath = "";
			projectRoot = "";
			targets = (
				BC98EFE622202DD300607734 /* Rabobank */,
				BC573AF8222364E800093E94 /* RabobankTests */,
			);
		};
/* End PBXProject section */

/* Begin PBXResourcesBuildPhase section */
		BC573AF7222364E800093E94 /* Resources */ = {
			isa = PBXResourcesBuildPhase;
			buildActionMask = 2147483647;
			files = (
			);
			runOnlyForDeploymentPostprocessing = 0;
		};
		BC98EFE522202DD300607734 /* Resources */ = {
			isa = PBXResourcesBuildPhase;
			buildActionMask = 2147483647;
			files = (
				BC573B1B2224263D00093E94 /* issues.csv in Resources */,
				BC98EFF522202DD400607734 /* LaunchScreen.storyboard in Resources */,
				BC573A6C2220468300093E94 /* List.storyboard in Resources */,
				BC98EFF222202DD400607734 /* Assets.xcassets in Resources */,
			);
			runOnlyForDeploymentPostprocessing = 0;
		};
/* End PBXResourcesBuildPhase section */

/* Begin PBXShellScriptBuildPhase section */
		0EE5327F5BDAAE532F9E0EFA /* [CP] Check Pods Manifest.lock */ = {
			isa = PBXShellScriptBuildPhase;
			buildActionMask = 2147483647;
			files = (
			);
			inputFileListPaths = (
			);
			inputPaths = (
				"${PODS_PODFILE_DIR_PATH}/Podfile.lock",
				"${PODS_ROOT}/Manifest.lock",
			);
			name = "[CP] Check Pods Manifest.lock";
			outputFileListPaths = (
			);
			outputPaths = (
				"$(DERIVED_FILE_DIR)/Pods-Rabobank-checkManifestLockResult.txt",
			);
			runOnlyForDeploymentPostprocessing = 0;
			shellPath = /bin/sh;
			shellScript = "diff \"${PODS_PODFILE_DIR_PATH}/Podfile.lock\" \"${PODS_ROOT}/Manifest.lock\" > /dev/null\nif [ $? != 0 ] ; then\n    # print error to STDERR\n    echo \"error: The sandbox is not in sync with the Podfile.lock. Run 'pod install' or update your CocoaPods installation.\" >&2\n    exit 1\nfi\n# This output is used by Xcode 'outputs' to avoid re-running this script phase.\necho \"SUCCESS\" > \"${SCRIPT_OUTPUT_FILE_0}\"\n";
			showEnvVarsInLog = 0;
		};
		9FB503A0E7CCA69C3A81E03E /* [CP] Check Pods Manifest.lock */ = {
			isa = PBXShellScriptBuildPhase;
			buildActionMask = 2147483647;
			files = (
			);
			inputFileListPaths = (
			);
			inputPaths = (
				"${PODS_PODFILE_DIR_PATH}/Podfile.lock",
				"${PODS_ROOT}/Manifest.lock",
			);
			name = "[CP] Check Pods Manifest.lock";
			outputFileListPaths = (
			);
			outputPaths = (
				"$(DERIVED_FILE_DIR)/Pods-Rabobank-Tests-RabobankTests-checkManifestLockResult.txt",
			);
			runOnlyForDeploymentPostprocessing = 0;
			shellPath = /bin/sh;
			shellScript = "diff \"${PODS_PODFILE_DIR_PATH}/Podfile.lock\" \"${PODS_ROOT}/Manifest.lock\" > /dev/null\nif [ $? != 0 ] ; then\n    # print error to STDERR\n    echo \"error: The sandbox is not in sync with the Podfile.lock. Run 'pod install' or update your CocoaPods installation.\" >&2\n    exit 1\nfi\n# This output is used by Xcode 'outputs' to avoid re-running this script phase.\necho \"SUCCESS\" > \"${SCRIPT_OUTPUT_FILE_0}\"\n";
			showEnvVarsInLog = 0;
		};
/* End PBXShellScriptBuildPhase section */

/* Begin PBXSourcesBuildPhase section */
		BC573AF5222364E800093E94 /* Sources */ = {
			isa = PBXSourcesBuildPhase;
			buildActionMask = 2147483647;
			files = (
				BC573B032223658400093E94 /* ListDataSourceOutputTests.swift in Sources */,
				BC573B0A2223ED1D00093E94 /* TextSourceMock.swift in Sources */,
				BC573B052223676F00093E94 /* ListDataSourceMock.swift in Sources */,
				BC573B0E2223ED7400093E94 /* ListDataSourceOutputMock.swift in Sources */,
				BC573B0C2223ED4B00093E94 /* TextParserMock.swift in Sources */,
				BC38694E222818B7006A1808 /* PersonsFactoryTests.swift in Sources */,
				BC573B062223677400093E94 /* ListViewMock.swift in Sources */,
				BC573B042223676800093E94 /* ListEventsHandlerTests.swift in Sources */,
				BC573B082223ECA900093E94 /* ListDataSourceTests.swift in Sources */,
				BC573B132223F6AB00093E94 /* EmptyError.swift in Sources */,
				BC573B152223FF2B00093E94 /* CSVTextParserTests.swift in Sources */,
				BC573B102223ED9600093E94 /* ErrorHandlerMock.swift in Sources */,
			);
			runOnlyForDeploymentPostprocessing = 0;
		};
		BC98EFE322202DD300607734 /* Sources */ = {
			isa = PBXSourcesBuildPhase;
			buildActionMask = 2147483647;
			files = (
				BC573B192224090800093E94 /* ListError.swift in Sources */,
				BC386947222814A4006A1808 /* PersonsFactory.swift in Sources */,
				BC573A902222850A00093E94 /* TextSource.swift in Sources */,
				BC573A94222286B800093E94 /* TextParser.swift in Sources */,
				BC573A7F222053A500093E94 /* ListEventsHandler.swift in Sources */,
				BC573A8A2222846400093E94 /* ListDataSource.swift in Sources */,
				BC573A842221DB6200093E94 /* Person.swift in Sources */,
				BC573A92222285E400093E94 /* BundleTextSource.swift in Sources */,
				BC573A7722204B5400093E94 /* ListTableViewController.swift in Sources */,
				BC573A7B22204BDF00093E94 /* ListDisplayItem.swift in Sources */,
				BC573A8C222284AC00093E94 /* DefaultListDataSource.swift in Sources */,
				BC573A7522204AF300093E94 /* ListTableViewCell.swift in Sources */,
				BC573A812220543300093E94 /* ListPresenter.swift in Sources */,
				BC38694C2228177B006A1808 /* DefaultPersonsFactory.swift in Sources */,
				BC573A7922204BA900093E94 /* ListView.swift in Sources */,
				BC573B1E2224449000093E94 /* Lock.swift in Sources */,
				BC573A9722228B5600093E94 /* ErrorHandler.swift in Sources */,
				BC386950222827BC006A1808 /* AppDelegate.swift in Sources */,
				BC573A632220446E00093E94 /* ListAssembly.swift in Sources */,
				BC573A9922228D7400093E94 /* CSVTextParser.swift in Sources */,
			);
			runOnlyForDeploymentPostprocessing = 0;
		};
/* End PBXSourcesBuildPhase section */

/* Begin PBXTargetDependency section */
		BC573AFF222364E800093E94 /* PBXTargetDependency */ = {
			isa = PBXTargetDependency;
			target = BC98EFE622202DD300607734 /* Rabobank */;
			targetProxy = BC573AFE222364E800093E94 /* PBXContainerItemProxy */;
		};
/* End PBXTargetDependency section */

/* Begin PBXVariantGroup section */
		BC98EFF322202DD400607734 /* LaunchScreen.storyboard */ = {
			isa = PBXVariantGroup;
			children = (
				BC98EFF422202DD400607734 /* Base */,
			);
			name = LaunchScreen.storyboard;
			sourceTree = "<group>";
		};
/* End PBXVariantGroup section */

/* Begin XCBuildConfiguration section */
		BC573B01222364E800093E94 /* Debug */ = {
			isa = XCBuildConfiguration;
			baseConfigurationReference = 08399314E9D00A0207B63971 /* Pods-Rabobank-Tests-RabobankTests.debug.xcconfig */;
			buildSettings = {
				BUNDLE_LOADER = "$(TEST_HOST)";
				CODE_SIGN_STYLE = Automatic;
				INFOPLIST_FILE = RabobankTests/Info.plist;
				IPHONEOS_DEPLOYMENT_TARGET = 11.0;
				LD_RUNPATH_SEARCH_PATHS = (
					"$(inherited)",
					"@executable_path/Frameworks",
					"@loader_path/Frameworks",
				);
				PRODUCT_BUNDLE_IDENTIFIER = com.splendo.RabobankTests;
				PRODUCT_NAME = "$(TARGET_NAME)";
				SWIFT_VERSION = 4.2;
				TARGETED_DEVICE_FAMILY = "1,2";
				TEST_HOST = "$(BUILT_PRODUCTS_DIR)/Rabobank.app/Rabobank";
			};
			name = Debug;
		};
		BC573B02222364E800093E94 /* Release */ = {
			isa = XCBuildConfiguration;
			baseConfigurationReference = 59AE56651FAAB9C14F53BA5E /* Pods-Rabobank-Tests-RabobankTests.release.xcconfig */;
			buildSettings = {
				BUNDLE_LOADER = "$(TEST_HOST)";
				CODE_SIGN_STYLE = Automatic;
				INFOPLIST_FILE = RabobankTests/Info.plist;
				IPHONEOS_DEPLOYMENT_TARGET = 11.0;
				LD_RUNPATH_SEARCH_PATHS = (
					"$(inherited)",
					"@executable_path/Frameworks",
					"@loader_path/Frameworks",
				);
				PRODUCT_BUNDLE_IDENTIFIER = com.splendo.RabobankTests;
				PRODUCT_NAME = "$(TARGET_NAME)";
				SWIFT_VERSION = 4.2;
				TARGETED_DEVICE_FAMILY = "1,2";
				TEST_HOST = "$(BUILT_PRODUCTS_DIR)/Rabobank.app/Rabobank";
			};
			name = Release;
		};
		BC98F00222202DD400607734 /* Debug */ = {
			isa = XCBuildConfiguration;
			buildSettings = {
				ALWAYS_SEARCH_USER_PATHS = NO;
				CLANG_ANALYZER_NONNULL = YES;
				CLANG_ANALYZER_NUMBER_OBJECT_CONVERSION = YES_AGGRESSIVE;
				CLANG_CXX_LANGUAGE_STANDARD = "gnu++14";
				CLANG_CXX_LIBRARY = "libc++";
				CLANG_ENABLE_MODULES = YES;
				CLANG_ENABLE_OBJC_ARC = YES;
				CLANG_ENABLE_OBJC_WEAK = YES;
				CLANG_WARN_BLOCK_CAPTURE_AUTORELEASING = YES;
				CLANG_WARN_BOOL_CONVERSION = YES;
				CLANG_WARN_COMMA = YES;
				CLANG_WARN_CONSTANT_CONVERSION = YES;
				CLANG_WARN_DEPRECATED_OBJC_IMPLEMENTATIONS = YES;
				CLANG_WARN_DIRECT_OBJC_ISA_USAGE = YES_ERROR;
				CLANG_WARN_DOCUMENTATION_COMMENTS = YES;
				CLANG_WARN_EMPTY_BODY = YES;
				CLANG_WARN_ENUM_CONVERSION = YES;
				CLANG_WARN_INFINITE_RECURSION = YES;
				CLANG_WARN_INT_CONVERSION = YES;
				CLANG_WARN_NON_LITERAL_NULL_CONVERSION = YES;
				CLANG_WARN_OBJC_IMPLICIT_RETAIN_SELF = YES;
				CLANG_WARN_OBJC_LITERAL_CONVERSION = YES;
				CLANG_WARN_OBJC_ROOT_CLASS = YES_ERROR;
				CLANG_WARN_RANGE_LOOP_ANALYSIS = YES;
				CLANG_WARN_STRICT_PROTOTYPES = YES;
				CLANG_WARN_SUSPICIOUS_MOVE = YES;
				CLANG_WARN_UNGUARDED_AVAILABILITY = YES_AGGRESSIVE;
				CLANG_WARN_UNREACHABLE_CODE = YES;
				CLANG_WARN__DUPLICATE_METHOD_MATCH = YES;
				CODE_SIGN_IDENTITY = "iPhone Developer";
				COPY_PHASE_STRIP = NO;
				DEBUG_INFORMATION_FORMAT = dwarf;
				ENABLE_STRICT_OBJC_MSGSEND = YES;
				ENABLE_TESTABILITY = YES;
				GCC_C_LANGUAGE_STANDARD = gnu11;
				GCC_DYNAMIC_NO_PIC = NO;
				GCC_NO_COMMON_BLOCKS = YES;
				GCC_OPTIMIZATION_LEVEL = 0;
				GCC_PREPROCESSOR_DEFINITIONS = (
					"DEBUG=1",
					"$(inherited)",
				);
				GCC_WARN_64_TO_32_BIT_CONVERSION = YES;
				GCC_WARN_ABOUT_RETURN_TYPE = YES_ERROR;
				GCC_WARN_UNDECLARED_SELECTOR = YES;
				GCC_WARN_UNINITIALIZED_AUTOS = YES_AGGRESSIVE;
				GCC_WARN_UNUSED_FUNCTION = YES;
				GCC_WARN_UNUSED_VARIABLE = YES;
				IPHONEOS_DEPLOYMENT_TARGET = 11.0;
				MTL_ENABLE_DEBUG_INFO = INCLUDE_SOURCE;
				MTL_FAST_MATH = YES;
				ONLY_ACTIVE_ARCH = YES;
				SDKROOT = iphoneos;
				SWIFT_ACTIVE_COMPILATION_CONDITIONS = DEBUG;
				SWIFT_OPTIMIZATION_LEVEL = "-Onone";
				TARGETED_DEVICE_FAMILY = "1,2";
			};
			name = Debug;
		};
		BC98F00322202DD400607734 /* Release */ = {
			isa = XCBuildConfiguration;
			buildSettings = {
				ALWAYS_SEARCH_USER_PATHS = NO;
				CLANG_ANALYZER_NONNULL = YES;
				CLANG_ANALYZER_NUMBER_OBJECT_CONVERSION = YES_AGGRESSIVE;
				CLANG_CXX_LANGUAGE_STANDARD = "gnu++14";
				CLANG_CXX_LIBRARY = "libc++";
				CLANG_ENABLE_MODULES = YES;
				CLANG_ENABLE_OBJC_ARC = YES;
				CLANG_ENABLE_OBJC_WEAK = YES;
				CLANG_WARN_BLOCK_CAPTURE_AUTORELEASING = YES;
				CLANG_WARN_BOOL_CONVERSION = YES;
				CLANG_WARN_COMMA = YES;
				CLANG_WARN_CONSTANT_CONVERSION = YES;
				CLANG_WARN_DEPRECATED_OBJC_IMPLEMENTATIONS = YES;
				CLANG_WARN_DIRECT_OBJC_ISA_USAGE = YES_ERROR;
				CLANG_WARN_DOCUMENTATION_COMMENTS = YES;
				CLANG_WARN_EMPTY_BODY = YES;
				CLANG_WARN_ENUM_CONVERSION = YES;
				CLANG_WARN_INFINITE_RECURSION = YES;
				CLANG_WARN_INT_CONVERSION = YES;
				CLANG_WARN_NON_LITERAL_NULL_CONVERSION = YES;
				CLANG_WARN_OBJC_IMPLICIT_RETAIN_SELF = YES;
				CLANG_WARN_OBJC_LITERAL_CONVERSION = YES;
				CLANG_WARN_OBJC_ROOT_CLASS = YES_ERROR;
				CLANG_WARN_RANGE_LOOP_ANALYSIS = YES;
				CLANG_WARN_STRICT_PROTOTYPES = YES;
				CLANG_WARN_SUSPICIOUS_MOVE = YES;
				CLANG_WARN_UNGUARDED_AVAILABILITY = YES_AGGRESSIVE;
				CLANG_WARN_UNREACHABLE_CODE = YES;
				CLANG_WARN__DUPLICATE_METHOD_MATCH = YES;
				CODE_SIGN_IDENTITY = "iPhone Developer";
				COPY_PHASE_STRIP = NO;
				DEBUG_INFORMATION_FORMAT = "dwarf-with-dsym";
				ENABLE_NS_ASSERTIONS = NO;
				ENABLE_STRICT_OBJC_MSGSEND = YES;
				GCC_C_LANGUAGE_STANDARD = gnu11;
				GCC_NO_COMMON_BLOCKS = YES;
				GCC_WARN_64_TO_32_BIT_CONVERSION = YES;
				GCC_WARN_ABOUT_RETURN_TYPE = YES_ERROR;
				GCC_WARN_UNDECLARED_SELECTOR = YES;
				GCC_WARN_UNINITIALIZED_AUTOS = YES_AGGRESSIVE;
				GCC_WARN_UNUSED_FUNCTION = YES;
				GCC_WARN_UNUSED_VARIABLE = YES;
				IPHONEOS_DEPLOYMENT_TARGET = 11.0;
				MTL_ENABLE_DEBUG_INFO = NO;
				MTL_FAST_MATH = YES;
				SDKROOT = iphoneos;
				SWIFT_COMPILATION_MODE = wholemodule;
				SWIFT_OPTIMIZATION_LEVEL = "-O";
				TARGETED_DEVICE_FAMILY = "1,2";
				VALIDATE_PRODUCT = YES;
			};
			name = Release;
		};
		BC98F00522202DD400607734 /* Debug */ = {
			isa = XCBuildConfiguration;
			baseConfigurationReference = 26BD691E8737FBAC9E966939 /* Pods-Rabobank.debug.xcconfig */;
			buildSettings = {
				ASSETCATALOG_COMPILER_APPICON_NAME = AppIcon;
				CODE_SIGN_STYLE = Automatic;
				INFOPLIST_FILE = Rabobank/Info.plist;
				LD_RUNPATH_SEARCH_PATHS = (
					"$(inherited)",
					"@executable_path/Frameworks",
				);
				PRODUCT_BUNDLE_IDENTIFIER = com.splendo.Rabobank;
				PRODUCT_NAME = "$(TARGET_NAME)";
				SWIFT_VERSION = 4.2;
				TARGETED_DEVICE_FAMILY = "1,2";
			};
			name = Debug;
		};
		BC98F00622202DD400607734 /* Release */ = {
			isa = XCBuildConfiguration;
			baseConfigurationReference = 18DAAD16E6B3AB769F5A6792 /* Pods-Rabobank.release.xcconfig */;
			buildSettings = {
				ASSETCATALOG_COMPILER_APPICON_NAME = AppIcon;
				CODE_SIGN_STYLE = Automatic;
				ENABLE_TESTABILITY = NO;
				INFOPLIST_FILE = Rabobank/Info.plist;
				LD_RUNPATH_SEARCH_PATHS = (
					"$(inherited)",
					"@executable_path/Frameworks",
				);
				PRODUCT_BUNDLE_IDENTIFIER = com.splendo.Rabobank;
				PRODUCT_NAME = "$(TARGET_NAME)";
				SWIFT_VERSION = 4.2;
				TARGETED_DEVICE_FAMILY = "1,2";
			};
			name = Release;
		};
/* End XCBuildConfiguration section */

/* Begin XCConfigurationList section */
		BC573B00222364E800093E94 /* Build configuration list for PBXNativeTarget "RabobankTests" */ = {
			isa = XCConfigurationList;
			buildConfigurations = (
				BC573B01222364E800093E94 /* Debug */,
				BC573B02222364E800093E94 /* Release */,
			);
			defaultConfigurationIsVisible = 0;
			defaultConfigurationName = Release;
		};
		BC98EFE222202DD300607734 /* Build configuration list for PBXProject "Rabobank" */ = {
			isa = XCConfigurationList;
			buildConfigurations = (
				BC98F00222202DD400607734 /* Debug */,
				BC98F00322202DD400607734 /* Release */,
			);
			defaultConfigurationIsVisible = 0;
			defaultConfigurationName = Release;
		};
		BC98F00422202DD400607734 /* Build configuration list for PBXNativeTarget "Rabobank" */ = {
			isa = XCConfigurationList;
			buildConfigurations = (
				BC98F00522202DD400607734 /* Debug */,
				BC98F00622202DD400607734 /* Release */,
			);
			defaultConfigurationIsVisible = 0;
			defaultConfigurationName = Release;
		};
/* End XCConfigurationList section */
	};
	rootObject = BC98EFDF22202DD300607734 /* Project object */;
}
